
Microsoft Visual Studio Solution File, Format Version 12.00
# Visual Studio Version 17
VisualStudioVersion = 17.5.002.0
MinimumVisualStudioVersion = 10.0.40219.1
Project("{9A19103F-16F7-4668-BE54-9A1E7A4F7556}") = "TrilhaApiDesafio", "TrilhaApiDesafio.csproj", "{043B1CCC-51FB-42CE-B661-A1AAF52D7EF5}"
EndProject
Global
	GlobalSection(SolutionConfigurationPlatforms) = preSolution
		Debug|Any CPU = Debug|Any CPU
		Release|Any CPU = Release|Any CPU
	EndGlobalSection
	GlobalSection(ProjectConfigurationPlatforms) = postSolution
		{043B1CCC-51FB-42CE-B661-A1AAF52D7EF5}.Debug|Any CPU.ActiveCfg = Debug|Any CPU
		{043B1CCC-51FB-42CE-B661-A1AAF52D7EF5}.Debug|Any CPU.Build.0 = Debug|Any CPU
		{043B1CCC-51FB-42CE-B661-A1AAF52D7EF5}.Release|Any CPU.ActiveCfg = Release|Any CPU
		{043B1CCC-51FB-42CE-B661-A1AAF52D7EF5}.Release|Any CPU.Build.0 = Release|Any CPU
	EndGlobalSection
	GlobalSection(SolutionProperties) = preSolution
		HideSolutionNode = FALSE
	EndGlobalSection
	GlobalSection(ExtensibilityGlobals) = postSolution
		SolutionGuid = {6FD2ACE7-C8B3-4532-B00B-D04C79884510}
	EndGlobalSection
EndGlobal
